{
  "name": "anima-pipeline-demo",
  "version": "1.0.0",
  "lockfileVersion": 3,
  "requires": true,
  "packages": {
    "": {
      "name": "anima-pipeline-demo",
      "version": "1.0.0",
      "license": "MIT",
      "dependencies": {
        "@af199/anima-core": "^0.1.0",
        "@af199/anima-eval": "^0.2.0",
        "@af199/anima-trace": "^1.0.1"
      },
      "engines": {
        "node": ">=16"
      }
    },
    "node_modules/@af199/anima-core": {
      "version": "0.1.0",
      "resolved": "https://registry.npmjs.org/@af199/anima-core/-/anima-core-0.1.0.tgz",
      "integrity": "sha512-JGZKtRJWn/o2U5MkJ/AEXMZ60JDU7mu6W1jgipu82ZTL4YUa74jhIKjYnmAIzj/v99TUBjrv0T0BZ7iNtvKCiA==",
      "license": "MIT",
      "engines": {
        "node": ">=16"
      }
    },
    "node_modules/@af199/anima-eval": {
      "version": "0.2.0",
      "resolved": "https://registry.npmjs.org/@af199/anima-eval/-/anima-eval-0.2.0.tgz",
      "integrity": "sha512-x0RLmseTaqs2xvr4Rt12a49KfN+j4cXhjQ4p6F/aYYEa/67YssHfPYAEIcvuzerikFDZzZgsa8YbAKEe7L7pEw==",
      "license": "MIT",
      "bin": {
        "anima-eval": "cli.js"
      },
      "engines": {
        "node": ">=16"
      }
    },
    "node_modules/@af199/anima-trace": {
      "version": "1.0.1",
      "resolved": "https://registry.npmjs.org/@af199/anima-trace/-/anima-trace-1.0.1.tgz",
      "integrity": "sha512-bdVphPTkuo7mypSBfrJ6UMO/2POu+YdHbsmO6oSCP1UF1VPfoGUS8RVKyCwVDy4OOq1hgJHFBJ4+niil06WjnA==",
      "license": "MIT",
      "dependencies": {
        "@af199/anima-core": "^0.1.0"
      },
      "bin": {
        "anima-verify": "cli.js"
      },
      "engines": {
        "node": ">=16"
      }
    }
  }
}
